<?xml version="1.0" encoding="utf-8"?>
<Project ToolsVersion="4.0" xmlns="http://schemas.microsoft.com/developer/msbuild/2003">
  <ItemGroup>
    <Filter Include="core">
      <UniqueIdentifier>{e261f35b-dab1-44e0-ad04-f5db9313d4f6}</UniqueIdentifier>
    </Filter>
    <Filter Include="dependencies">
      <UniqueIdentifier>{7f81f446-728f-4d27-862e-8e0bbe81facb}</UniqueIdentifier>
    </Filter>
    <Filter Include="shaders">
      <UniqueIdentifier>{8b5c4cd9-760d-474b-b225-8a8daaeb8c0e}</UniqueIdentifier>
    </Filter>
    <Filter Include="programs">
      <UniqueIdentifier>{105b7fae-177f-443d-befc-1cf768e1669e}</UniqueIdentifier>
    </Filter>
    <Filter Include="imgui_extensions">
      <UniqueIdentifier>{1fff1072-c58b-46c9-ac43-417ade54da3a}</UniqueIdentifier>
    </Filter>
    <Filter Include="shaders\fluid">
      <UniqueIdentifier>{8c6bf05b-e0c0-4604-9047-0ccbc7608722}</UniqueIdentifier>
    </Filter>
    <Filter Include="shaders\raymarch">
      <UniqueIdentifier>{01775f1b-44b3-491d-a39e-fa62a0478099}</UniqueIdentifier>
    </Filter>
    <Filter Include="shaders\noise">
      <UniqueIdentifier>{cdf2130e-d3e6-4cd1-b509-b12a41434796}</UniqueIdentifier>
    </Filter>
    <Filter Include="shaders\includetest">
      <UniqueIdentifier>{d5a04bb1-95c4-4491-972f-bb1d2215f17a}</UniqueIdentifier>
    </Filter>
    <Filter Include="shaders\color">
      <UniqueIdentifier>{cb4a0ad3-d47c-46b4-9f51-e21947f9418c}</UniqueIdentifier>
    </Filter>
    <Filter Include="shaders\compute">
      <UniqueIdentifier>{f42a2ce8-7814-41e1-ac23-474649eb032e}</UniqueIdentifier>
    </Filter>
    <Filter Include="GLPrograms">
      <UniqueIdentifier>{58145ff5-3791-40e8-8330-5db7796878a8}</UniqueIdentifier>
    </Filter>
    <Filter Include="shaders\reaction_diffusion">
      <UniqueIdentifier>{f4161d3a-60fb-4f13-99d0-c59b6f930a33}</UniqueIdentifier>
    </Filter>
    <Filter Include="shaders\particles">
      <UniqueIdentifier>{d597822b-d343-4eed-a0dd-d92931daee75}</UniqueIdentifier>
    </Filter>
    <Filter Include="shaders\fluid2D">
      <UniqueIdentifier>{26f00ccf-4cc3-463f-bc54-16208269224c}</UniqueIdentifier>
    </Filter>
  </ItemGroup>
  <ItemGroup>
    <ClCompile Include="dependencies\glad\glad.c">
      <Filter>dependencies</Filter>
    </ClCompile>
    <ClCompile Include="programs\transformations.cpp">
      <Filter>programs</Filter>
    </ClCompile>
    <ClCompile Include="programs\basicWindow.cpp">
      <Filter>programs</Filter>
    </ClCompile>
    <ClCompile Include="programs\shaderTest.cpp">
      <Filter>programs</Filter>
    </ClCompile>
    <ClCompile Include="programs\textures.cpp">
      <Filter>programs</Filter>
    </ClCompile>
    <ClCompile Include="main.cpp" />
    <ClCompile Include="dependencies\stb\stb_image.cpp">
      <Filter>dependencies</Filter>
    </ClCompile>
    <ClCompile Include="dependencies\imgui\imgui.cpp">
      <Filter>dependencies</Filter>
    </ClCompile>
    <ClCompile Include="dependencies\imgui\imgui_demo.cpp">
      <Filter>dependencies</Filter>
    </ClCompile>
    <ClCompile Include="dependencies\imgui\imgui_draw.cpp">
      <Filter>dependencies</Filter>
    </ClCompile>
    <ClCompile Include="dependencies\imgui\imgui_impl_glfw_gl3.cpp">
      <Filter>dependencies</Filter>
    </ClCompile>
    <ClCompile Include="dependencies\imgui\imgui_opgengl3_example.cpp">
      <Filter>dependencies</Filter>
    </ClCompile>
    <ClCompile Include="dependencies\imgui\stb_image.cpp">
      <Filter>dependencies</Filter>
    </ClCompile>
    <ClCompile Include="core\SimpleCamera.cpp">
      <Filter>core</Filter>
    </ClCompile>
    <ClCompile Include="programs\sphereParticles.cpp">
      <Filter>programs</Filter>
    </ClCompile>
    <ClCompile Include="core\Camera.cpp">
      <Filter>core</Filter>
    </ClCompile>
    <ClCompile Include="core\loopback.cpp">
      <Filter>core</Filter>
    </ClCompile>
    <ClCompile Include="core\SpectrumAnalyzer.cpp">
      <Filter>core</Filter>
    </ClCompile>
    <ClCompile Include="core\utilities.cpp">
      <Filter>core</Filter>
    </ClCompile>
    <ClCompile Include="dependencies\kissfft\kiss_fft.c">
      <Filter>dependencies</Filter>
    </ClCompile>
    <ClCompile Include="dependencies\kissfft\kiss_fftr.c">
      <Filter>dependencies</Filter>
    </ClCompile>
    <ClCompile Include="core\SpectrumFilter.cpp">
      <Filter>core</Filter>
    </ClCompile>
    <ClCompile Include="core\FrequencySpectrum.cpp">
      <Filter>core</Filter>
    </ClCompile>
    <ClCompile Include="programs\audioVisualizer.cpp">
      <Filter>programs</Filter>
    </ClCompile>
    <ClCompile Include="core\StreamTexture.cpp">
      <Filter>core</Filter>
    </ClCompile>
    <ClCompile Include="imgui_extensions\imgui_color_gradient.cpp">
      <Filter>imgui_extensions</Filter>
    </ClCompile>
    <ClCompile Include="imgui_extensions\imgui_extras.cpp">
      <Filter>imgui_extensions</Filter>
    </ClCompile>
    <ClCompile Include="dependencies\hsluv\hsluv.c">
      <Filter>dependencies</Filter>
    </ClCompile>
    <ClCompile Include="core\SceneManager.cpp">
      <Filter>core</Filter>
    </ClCompile>
    <ClCompile Include="programs\fluidSimulation.cpp">
      <Filter>programs</Filter>
    </ClCompile>
    <ClCompile Include="core\PingPongBuffer.cpp">
      <Filter>core</Filter>
    </ClCompile>
    <ClCompile Include="imgui_extensions\imgui_bezier_curve.cpp">
      <Filter>imgui_extensions</Filter>
    </ClCompile>
    <ClCompile Include="core\glDebug.cpp">
      <Filter>core</Filter>
    </ClCompile>
    <ClCompile Include="core\WindowsTouch.cpp">
      <Filter>core</Filter>
    </ClCompile>
    <ClCompile Include="programs\raymarchSpheres.cpp">
      <Filter>programs</Filter>
    </ClCompile>
    <ClCompile Include="core\View.cpp">
      <Filter>core</Filter>
    </ClCompile>
    <ClCompile Include="programs\raymarchNoise.cpp">
      <Filter>programs</Filter>
    </ClCompile>
    <ClCompile Include="core\ColorGradientTexture.cpp">
      <Filter>core</Filter>
    </ClCompile>
    <ClCompile Include="GLProgram.cpp">
      <Filter>core</Filter>
    </ClCompile>
    <ClCompile Include="imgui_extensions\imGuIZMOquat.cpp">
      <Filter>imgui_extensions</Filter>
    </ClCompile>
    <ClCompile Include="core\Shader.cpp">
      <Filter>core</Filter>
    </ClCompile>
  </ItemGroup>
  <ItemGroup>
    <ClInclude Include="dependencies\glad\glad.h">
      <Filter>dependencies</Filter>
    </ClInclude>
    <ClInclude Include="dependencies\GLFW\glfw3.h">
      <Filter>dependencies</Filter>
    </ClInclude>
    <ClInclude Include="dependencies\GLFW\glfw3native.h">
      <Filter>dependencies</Filter>
    </ClInclude>
    <ClInclude Include="dependencies\KHR\khrplatform.h">
      <Filter>dependencies</Filter>
    </ClInclude>
    <ClInclude Include="dependencies\stb\stb_image.h">
      <Filter>dependencies</Filter>
    </ClInclude>
    <ClInclude Include="dependencies\imgui\imconfig.h">
      <Filter>dependencies</Filter>
    </ClInclude>
    <ClInclude Include="dependencies\imgui\imgui.h">
      <Filter>dependencies</Filter>
    </ClInclude>
    <ClInclude Include="dependencies\imgui\imgui_impl_glfw_gl3.h">
      <Filter>dependencies</Filter>
    </ClInclude>
    <ClInclude Include="dependencies\imgui\imgui_internal.h">
      <Filter>dependencies</Filter>
    </ClInclude>
    <ClInclude Include="dependencies\imgui\stb_image.h">
      <Filter>dependencies</Filter>
    </ClInclude>
    <ClInclude Include="dependencies\imgui\stb_rect_pack.h">
      <Filter>dependencies</Filter>
    </ClInclude>
    <ClInclude Include="dependencies\imgui\stb_textedit.h">
      <Filter>dependencies</Filter>
    </ClInclude>
    <ClInclude Include="dependencies\imgui\stb_truetype.h">
      <Filter>dependencies</Filter>
    </ClInclude>
    <ClInclude Include="core\SimpleCamera.h">
      <Filter>core</Filter>
    </ClInclude>
    <ClInclude Include="core\Camera.h">
      <Filter>core</Filter>
    </ClInclude>
    <ClInclude Include="core\loopback.h">
      <Filter>core</Filter>
    </ClInclude>
    <ClInclude Include="core\SpectrumAnalyzer.h">
      <Filter>core</Filter>
    </ClInclude>
    <ClInclude Include="core\utilities.h">
      <Filter>core</Filter>
    </ClInclude>
    <ClInclude Include="dependencies\kissfft\_kiss_fft_guts.h">
      <Filter>dependencies</Filter>
    </ClInclude>
    <ClInclude Include="dependencies\kissfft\kiss_fft.h">
      <Filter>dependencies</Filter>
    </ClInclude>
    <ClInclude Include="dependencies\kissfft\kiss_fftr.h">
      <Filter>dependencies</Filter>
    </ClInclude>
    <ClInclude Include="dependencies\kissfft\kissfft.hh">
      <Filter>dependencies</Filter>
    </ClInclude>
    <ClInclude Include="core\SpectrumFilter.h">
      <Filter>core</Filter>
    </ClInclude>
    <ClInclude Include="core\FrequencySpectrum.h">
      <Filter>core</Filter>
    </ClInclude>
    <ClInclude Include="core\StreamTexture.h">
      <Filter>core</Filter>
    </ClInclude>
    <ClInclude Include="imgui_extensions\imgui_color_gradient.h">
      <Filter>imgui_extensions</Filter>
    </ClInclude>
    <ClInclude Include="imgui_extensions\imgui_extras.h">
      <Filter>imgui_extensions</Filter>
    </ClInclude>
    <ClInclude Include="dependencies\hsluv\hsluv.h">
      <Filter>dependencies</Filter>
    </ClInclude>
    <ClInclude Include="core\SceneManager.h">
      <Filter>core</Filter>
    </ClInclude>
    <ClInclude Include="core\PingPongBuffer.h">
      <Filter>core</Filter>
    </ClInclude>
    <ClInclude Include="dependencies\nlohmann\json.hpp">
      <Filter>dependencies</Filter>
    </ClInclude>
    <ClInclude Include="imgui_extensions\imgui_bezier_curve.h">
      <Filter>imgui_extensions</Filter>
    </ClInclude>
    <ClInclude Include="core\glDebug.h">
      <Filter>core</Filter>
    </ClInclude>
    <ClInclude Include="core\WindowsTouch.h">
      <Filter>core</Filter>
    </ClInclude>
    <ClInclude Include="dependencies\Shadinclude\Shadinclude.hpp">
      <Filter>dependencies</Filter>
    </ClInclude>
    <ClInclude Include="core\View.h">
      <Filter>core</Filter>
    </ClInclude>
    <ClInclude Include="imgui_extensions\imgui_preset_menu.h">
      <Filter>imgui_extensions</Filter>
    </ClInclude>
    <ClInclude Include="imgui_extensions\imgui_boost_serialization.h">
      <Filter>imgui_extensions</Filter>
    </ClInclude>
    <ClInclude Include="core\ColorGradientTexture.h">
      <Filter>core</Filter>
    </ClInclude>
    <ClInclude Include="core\GLProgram.h">
      <Filter>core</Filter>
    </ClInclude>
    <ClInclude Include="GLPrograms\GLFeedbackProgram.h">
      <Filter>GLPrograms</Filter>
    </ClInclude>
    <ClInclude Include="core\glmSerialization.h">
      <Filter>core</Filter>
    </ClInclude>
    <ClInclude Include="imgui_extensions\imGuIZMOquat.h">
      <Filter>imgui_extensions</Filter>
    </ClInclude>
    <ClInclude Include="imgui_extensions\vgConfig.h">
      <Filter>imgui_extensions</Filter>
    </ClInclude>
    <ClInclude Include="imgui_extensions\vGizmo.h">
      <Filter>imgui_extensions</Filter>
    </ClInclude>
    <ClInclude Include="imgui_extensions\vGizmoMath.h">
      <Filter>imgui_extensions</Filter>
    </ClInclude>
    <ClInclude Include="imgui_extensions\vgMath.h">
      <Filter>imgui_extensions</Filter>
    </ClInclude>
    <ClInclude Include="GLPrograms\GLPlotProgram.h">
      <Filter>GLPrograms</Filter>
    </ClInclude>
    <ClInclude Include="GLPrograms\GLReactionDiffusionProgram.h">
      <Filter>GLPrograms</Filter>
    </ClInclude>
    <ClInclude Include="core\Texture.h">
      <Filter>core</Filter>
    </ClInclude>
    <ClInclude Include="GLPrograms\GLReactionDiffusion3DProgram.h">
      <Filter>GLPrograms</Filter>
    </ClInclude>
    <ClInclude Include="GLPrograms\GLComputeParticlesProgram.h">
      <Filter>GLPrograms</Filter>
    </ClInclude>
    <ClInclude Include="core\Shader.h">
      <Filter>core</Filter>
    </ClInclude>
    <ClInclude Include="GLPrograms\GLFluid2DProgram.h">
      <Filter>GLPrograms</Filter>
    </ClInclude>
    <ClInclude Include="dependencies\stb\stb_image_write.h">
      <Filter>dependencies</Filter>
    </ClInclude>
  </ItemGroup>
  <ItemGroup>
    <None Include="shaders\basicFrag.fs">
      <Filter>shaders</Filter>
    </None>
    <None Include="shaders\basicVertex.vs">
      <Filter>shaders</Filter>
    </None>
    <None Include="shaders\loopbackTexture.fs">
      <Filter>shaders</Filter>
    </None>
    <None Include="shaders\loopbackTexture.vs">
      <Filter>shaders</Filter>
    </None>
    <None Include="shaders\shaderTest.fs">
      <Filter>shaders</Filter>
    </None>
    <None Include="shaders\shaderTest.vs">
      <Filter>shaders</Filter>
    </None>
    <None Include="shaders\textureQuad.fs">
      <Filter>shaders</Filter>
    </None>
    <None Include="shaders\textureQuad.vs">
      <Filter>shaders</Filter>
    </None>
    <None Include="shaders\transforms.fs">
      <Filter>shaders</Filter>
    </None>
    <None Include="shaders\transforms.vs">
      <Filter>shaders</Filter>
    </None>
    <None Include="shaders\fluid\advection.fs">
      <Filter>shaders\fluid</Filter>
    </None>
    <None Include="shaders\fluid\audioSpiral.fs">
      <Filter>shaders\fluid</Filter>
    </None>
    <None Include="shaders\fluid\display.fs">
      <Filter>shaders\fluid</Filter>
    </None>
    <None Include="shaders\fluid\divergence.fs">
      <Filter>shaders\fluid</Filter>
    </None>
    <None Include="shaders\fluid\pressure.fs">
      <Filter>shaders\fluid</Filter>
    </None>
    <None Include="shaders\fluid\screenQuad.vs">
      <Filter>shaders\fluid</Filter>
    </None>
    <None Include="shaders\fluid\simpleSplat.fs">
      <Filter>shaders\fluid</Filter>
    </None>
    <None Include="shaders\fluid\subtractPressure.fs">
      <Filter>shaders\fluid</Filter>
    </None>
    <None Include="shaders\fluid\velocitySplat.fs">
      <Filter>shaders\fluid</Filter>
    </None>
    <None Include="shaders\fluid\vorticity.fs">
      <Filter>shaders\fluid</Filter>
    </None>
    <None Include="shaders\fluid\curl.fs">
      <Filter>shaders\fluid</Filter>
    </None>
    <None Include="presets.json" />
    <None Include="shaders\cubeParticle.fs">
      <Filter>shaders</Filter>
    </None>
    <None Include="shaders\cubeParticle.vs">
      <Filter>shaders</Filter>
    </None>
    <None Include="shaders\noise\cellular2D.glsl">
      <Filter>shaders\noise</Filter>
    </None>
    <None Include="shaders\noise\cellular2x2.glsl">
      <Filter>shaders\noise</Filter>
    </None>
    <None Include="shaders\noise\cellular2x2x2.glsl">
      <Filter>shaders\noise</Filter>
    </None>
    <None Include="shaders\noise\cellular3D.glsl">
      <Filter>shaders\noise</Filter>
    </None>
    <None Include="shaders\noise\classicnoise2D.glsl">
      <Filter>shaders\noise</Filter>
    </None>
    <None Include="shaders\noise\classicnoise3D.glsl">
      <Filter>shaders\noise</Filter>
    </None>
    <None Include="shaders\noise\classicnoise4D.glsl">
      <Filter>shaders\noise</Filter>
    </None>
    <None Include="shaders\noise\noise2D.glsl">
      <Filter>shaders\noise</Filter>
    </None>
    <None Include="shaders\noise\noise3D.glsl">
      <Filter>shaders\noise</Filter>
    </None>
    <None Include="shaders\noise\noise3Dgrad.glsl">
      <Filter>shaders\noise</Filter>
    </None>
    <None Include="shaders\noise\noise4D.glsl">
      <Filter>shaders\noise</Filter>
    </None>
    <None Include="shaders\noise\psrdnoise2D.glsl">
      <Filter>shaders\noise</Filter>
    </None>
    <None Include="shaders\noise\noiseutil.glsl">
      <Filter>shaders\noise</Filter>
    </None>
    <None Include="shaders\include_test\b1.glsl">
      <Filter>shaders\includetest</Filter>
    </None>
    <None Include="shaders\include_test\b2.glsl">
      <Filter>shaders\includetest</Filter>
    </None>
    <None Include="shaders\include_test\c.glsl">
      <Filter>shaders\includetest</Filter>
    </None>
    <None Include="shaders\raymarch\raymarch.vert">
      <Filter>shaders\raymarch</Filter>
    </None>
    <None Include="shaders\include_test\a.frag">
      <Filter>shaders\includetest</Filter>
    </None>
    <None Include="shaders\light.vs">
      <Filter>shaders</Filter>
    </None>
    <None Include="shaders\light.fs">
      <Filter>shaders</Filter>
    </None>
    <None Include="shaders\raymarch\sdf.glsl">
      <Filter>shaders\raymarch</Filter>
    </None>
    <None Include="shaders\raymarch\light.glsl">
      <Filter>shaders\raymarch</Filter>
    </None>
    <None Include="shaders\raymarch\material.glsl">
      <Filter>shaders\raymarch</Filter>
    </None>
    <None Include="shaders\noise\hash.glsl">
      <Filter>shaders\noise</Filter>
    </None>
    <None Include="shaders\color\hsluv.glsl">
      <Filter>shaders\color</Filter>
    </None>
    <None Include="shaders\color\colorconvert.glsl">
      <Filter>shaders\color</Filter>
    </None>
    <None Include="shaders\compute\noiseVolume.comp">
      <Filter>shaders\compute</Filter>
    </None>
    <None Include="shaders\compute\spheres.comp">
      <Filter>shaders\compute</Filter>
    </None>
    <None Include="shaders\raymarch\spheres.frag">
      <Filter>shaders\raymarch</Filter>
    </None>
    <None Include="shaders\raymarch\volumetric.frag">
      <Filter>shaders\raymarch</Filter>
    </None>
    <None Include="shaders\compute\feedback.comp">
      <Filter>shaders\compute</Filter>
    </None>
    <None Include="shaders\raymarch\feedback.frag">
      <Filter>shaders\raymarch</Filter>
    </None>
    <None Include="shaders\compute\curl.comp">
      <Filter>shaders\compute</Filter>
    </None>
    <None Include="shaders\compute\divergence.comp">
      <Filter>shaders\compute</Filter>
    </None>
    <None Include="shaders\compute\pressure.comp">
      <Filter>shaders\compute</Filter>
    </None>
    <None Include="shaders\compute\subtractPressureGradient.comp">
      <Filter>shaders\compute</Filter>
    </None>
    <None Include="shaders\compute\vorticity.comp">
      <Filter>shaders\compute</Filter>
    </None>
    <None Include="shaders\compute\advection.comp">
      <Filter>shaders\compute</Filter>
    </None>
    <None Include="shaders\compute\fluidCommon.glsl">
      <Filter>shaders\compute</Filter>
    </None>
    <None Include="shaders\compute\shadowMap.comp">
      <Filter>shaders\raymarch</Filter>
    </None>
    <None Include="shaders\raymarch\plot_raymarch.frag">
      <Filter>shaders\raymarch</Filter>
    </None>
    <None Include="shaders\reaction_diffusion\reactionDiffusion.comp">
      <Filter>shaders\reaction_diffusion</Filter>
    </None>
    <None Include="shaders\reaction_diffusion\reactionDiffusion.frag">
      <Filter>shaders\reaction_diffusion</Filter>
    </None>
    <None Include="shaders\reaction_diffusion\reactionDiffusion.vert">
      <Filter>shaders\reaction_diffusion</Filter>
    </None>
    <None Include="shaders\reaction_diffusion\reactionDiffusion3D.frag">
      <Filter>shaders\reaction_diffusion</Filter>
    </None>
    <None Include="shaders\reaction_diffusion\reactionDiffusion3D.vert">
      <Filter>shaders\reaction_diffusion</Filter>
    </None>
    <None Include="shaders\reaction_diffusion\reactionDiffusion3D.comp">
      <Filter>shaders\reaction_diffusion</Filter>
    </None>
    <None Include="shaders\reaction_diffusion\advection3D.comp">
      <Filter>shaders\reaction_diffusion</Filter>
    </None>
    <None Include="shaders\reaction_diffusion\projectMouse.comp">
      <Filter>shaders\reaction_diffusion</Filter>
    </None>
    <None Include="shaders\particles\particles.comp">
      <Filter>shaders\particles</Filter>
    </None>
    <None Include="shaders\particles\particles.frag">
      <Filter>shaders\particles</Filter>
    </None>
    <None Include="shaders\particles\particles.vert">
      <Filter>shaders\particles</Filter>
    </None>
    <None Include="shaders\particles\particles.geom">
      <Filter>shaders\particles</Filter>
    </None>
    <None Include="shaders\particles\particles_common.glsl">
      <Filter>shaders\particles</Filter>
    </None>
    <None Include="shaders\particles\particles_init.comp">
      <Filter>shaders\particles</Filter>
    </None>
    <None Include="shaders\particles\particles_sort.comp">
      <Filter>shaders\particles</Filter>
    </None>
    <None Include="shaders\particles\particles_reset.comp">
      <Filter>shaders\particles</Filter>
    </None>
    <None Include="shaders\particles\particles_write.comp">
      <Filter>shaders\particles</Filter>
    </None>
    <None Include="shaders\fluid2D\advection.comp">
      <Filter>shaders\fluid2D</Filter>
    </None>
    <None Include="shaders\fluid2D\divergence.comp">
      <Filter>shaders\fluid2D</Filter>
    </None>
    <None Include="shaders\fluid2D\pressure.comp">
      <Filter>shaders\fluid2D</Filter>
    </None>
    <None Include="shaders\fluid2D\render.frag">
      <Filter>shaders\fluid2D</Filter>
    </None>
    <None Include="shaders\fluid2D\render.vert">
      <Filter>shaders\fluid2D</Filter>
    </None>
    <None Include="shaders\fluid2D\subtractPressureGradient.comp">
      <Filter>shaders\fluid2D</Filter>
    </None>
    <None Include="shaders\fluid2D\fluid_common.glsl">
      <Filter>shaders\fluid2D</Filter>
    </None>
    <None Include="shaders\raymarch\intersect.glsl">
      <Filter>shaders\raymarch</Filter>
    </None>
  </ItemGroup>
</Project>