<?xml version="1.0" encoding="utf-8"?>
<Project ToolsVersion="4.0" xmlns="http://schemas.microsoft.com/developer/msbuild/2003">
  <ItemGroup>
    <Filter Include="core">
      <UniqueIdentifier>{e261f35b-dab1-44e0-ad04-f5db9313d4f6}</UniqueIdentifier>
    </Filter>
    <Filter Include="dependencies">
      <UniqueIdentifier>{7f81f446-728f-4d27-862e-8e0bbe81facb}</UniqueIdentifier>
    </Filter>
    <Filter Include="shaders">
      <UniqueIdentifier>{8b5c4cd9-760d-474b-b225-8a8daaeb8c0e}</UniqueIdentifier>
    </Filter>
    <Filter Include="programs">
      <UniqueIdentifier>{105b7fae-177f-443d-befc-1cf768e1669e}</UniqueIdentifier>
    </Filter>
    <Filter Include="imgui_extensions">
      <UniqueIdentifier>{1fff1072-c58b-46c9-ac43-417ade54da3a}</UniqueIdentifier>
    </Filter>
    <Filter Include="shaders\fluid">
      <UniqueIdentifier>{8c6bf05b-e0c0-4604-9047-0ccbc7608722}</UniqueIdentifier>
    </Filter>
  </ItemGroup>
  <ItemGroup>
    <ClCompile Include="dependencies\glad\glad.c">
      <Filter>dependencies</Filter>
    </ClCompile>
    <ClCompile Include="core\Shader.cpp">
      <Filter>core</Filter>
    </ClCompile>
    <ClCompile Include="programs\transformations.cpp">
      <Filter>programs</Filter>
    </ClCompile>
    <ClCompile Include="programs\basicWindow.cpp">
      <Filter>programs</Filter>
    </ClCompile>
    <ClCompile Include="programs\shaderTest.cpp">
      <Filter>programs</Filter>
    </ClCompile>
    <ClCompile Include="programs\textures.cpp">
      <Filter>programs</Filter>
    </ClCompile>
    <ClCompile Include="main.cpp" />
    <ClCompile Include="dependencies\stb\stb_image.cpp">
      <Filter>dependencies</Filter>
    </ClCompile>
    <ClCompile Include="dependencies\imgui\imgui.cpp">
      <Filter>dependencies</Filter>
    </ClCompile>
    <ClCompile Include="dependencies\imgui\imgui_demo.cpp">
      <Filter>dependencies</Filter>
    </ClCompile>
    <ClCompile Include="dependencies\imgui\imgui_draw.cpp">
      <Filter>dependencies</Filter>
    </ClCompile>
    <ClCompile Include="dependencies\imgui\imgui_impl_glfw_gl3.cpp">
      <Filter>dependencies</Filter>
    </ClCompile>
    <ClCompile Include="dependencies\imgui\imgui_opgengl3_example.cpp">
      <Filter>dependencies</Filter>
    </ClCompile>
    <ClCompile Include="dependencies\imgui\stb_image.cpp">
      <Filter>dependencies</Filter>
    </ClCompile>
    <ClCompile Include="core\SimpleCamera.cpp">
      <Filter>core</Filter>
    </ClCompile>
    <ClCompile Include="programs\sphereParticles.cpp">
      <Filter>programs</Filter>
    </ClCompile>
    <ClCompile Include="core\Camera.cpp">
      <Filter>core</Filter>
    </ClCompile>
    <ClCompile Include="core\loopback.cpp">
      <Filter>core</Filter>
    </ClCompile>
    <ClCompile Include="core\SpectrumAnalyzer.cpp">
      <Filter>core</Filter>
    </ClCompile>
    <ClCompile Include="core\utilities.cpp">
      <Filter>core</Filter>
    </ClCompile>
    <ClCompile Include="dependencies\kissfft\kiss_fft.c">
      <Filter>dependencies</Filter>
    </ClCompile>
    <ClCompile Include="dependencies\kissfft\kiss_fftr.c">
      <Filter>dependencies</Filter>
    </ClCompile>
    <ClCompile Include="core\SpectrumFilter.cpp">
      <Filter>core</Filter>
    </ClCompile>
    <ClCompile Include="core\FrequencySpectrum.cpp">
      <Filter>core</Filter>
    </ClCompile>
    <ClCompile Include="programs\audioVisualizer.cpp">
      <Filter>programs</Filter>
    </ClCompile>
    <ClCompile Include="core\StreamTexture.cpp">
      <Filter>core</Filter>
    </ClCompile>
    <ClCompile Include="imgui_extensions\imgui_color_gradient.cpp">
      <Filter>imgui_extensions</Filter>
    </ClCompile>
    <ClCompile Include="imgui_extensions\imgui_extras.cpp">
      <Filter>imgui_extensions</Filter>
    </ClCompile>
    <ClCompile Include="dependencies\hsluv\hsluv.c">
      <Filter>dependencies</Filter>
    </ClCompile>
    <ClCompile Include="core\SceneManager.cpp">
      <Filter>core</Filter>
    </ClCompile>
    <ClCompile Include="programs\fluidSimulation.cpp">
      <Filter>programs</Filter>
    </ClCompile>
    <ClCompile Include="core\PingPongBuffer.cpp">
      <Filter>core</Filter>
    </ClCompile>
  </ItemGroup>
  <ItemGroup>
    <ClInclude Include="dependencies\glad\glad.h">
      <Filter>dependencies</Filter>
    </ClInclude>
    <ClInclude Include="dependencies\GLFW\glfw3.h">
      <Filter>dependencies</Filter>
    </ClInclude>
    <ClInclude Include="dependencies\GLFW\glfw3native.h">
      <Filter>dependencies</Filter>
    </ClInclude>
    <ClInclude Include="dependencies\KHR\khrplatform.h">
      <Filter>dependencies</Filter>
    </ClInclude>
    <ClInclude Include="core\Shader.h">
      <Filter>core</Filter>
    </ClInclude>
    <ClInclude Include="dependencies\stb\stb_image.h">
      <Filter>dependencies</Filter>
    </ClInclude>
    <ClInclude Include="dependencies\imgui\imconfig.h">
      <Filter>dependencies</Filter>
    </ClInclude>
    <ClInclude Include="dependencies\imgui\imgui.h">
      <Filter>dependencies</Filter>
    </ClInclude>
    <ClInclude Include="dependencies\imgui\imgui_impl_glfw_gl3.h">
      <Filter>dependencies</Filter>
    </ClInclude>
    <ClInclude Include="dependencies\imgui\imgui_internal.h">
      <Filter>dependencies</Filter>
    </ClInclude>
    <ClInclude Include="dependencies\imgui\stb_image.h">
      <Filter>dependencies</Filter>
    </ClInclude>
    <ClInclude Include="dependencies\imgui\stb_rect_pack.h">
      <Filter>dependencies</Filter>
    </ClInclude>
    <ClInclude Include="dependencies\imgui\stb_textedit.h">
      <Filter>dependencies</Filter>
    </ClInclude>
    <ClInclude Include="dependencies\imgui\stb_truetype.h">
      <Filter>dependencies</Filter>
    </ClInclude>
    <ClInclude Include="core\SimpleCamera.h">
      <Filter>core</Filter>
    </ClInclude>
    <ClInclude Include="core\Camera.h">
      <Filter>core</Filter>
    </ClInclude>
    <ClInclude Include="core\loopback.h">
      <Filter>core</Filter>
    </ClInclude>
    <ClInclude Include="core\SpectrumAnalyzer.h">
      <Filter>core</Filter>
    </ClInclude>
    <ClInclude Include="core\utilities.h">
      <Filter>core</Filter>
    </ClInclude>
    <ClInclude Include="dependencies\kissfft\_kiss_fft_guts.h">
      <Filter>dependencies</Filter>
    </ClInclude>
    <ClInclude Include="dependencies\kissfft\kiss_fft.h">
      <Filter>dependencies</Filter>
    </ClInclude>
    <ClInclude Include="dependencies\kissfft\kiss_fftr.h">
      <Filter>dependencies</Filter>
    </ClInclude>
    <ClInclude Include="dependencies\kissfft\kissfft.hh">
      <Filter>dependencies</Filter>
    </ClInclude>
    <ClInclude Include="core\SpectrumFilter.h">
      <Filter>core</Filter>
    </ClInclude>
    <ClInclude Include="core\FrequencySpectrum.h">
      <Filter>core</Filter>
    </ClInclude>
    <ClInclude Include="core\StreamTexture.h">
      <Filter>core</Filter>
    </ClInclude>
    <ClInclude Include="imgui_extensions\imgui_color_gradient.h">
      <Filter>imgui_extensions</Filter>
    </ClInclude>
    <ClInclude Include="imgui_extensions\imgui_extras.h">
      <Filter>imgui_extensions</Filter>
    </ClInclude>
    <ClInclude Include="dependencies\hsluv\hsluv.h">
      <Filter>dependencies</Filter>
    </ClInclude>
    <ClInclude Include="core\SceneManager.h">
      <Filter>core</Filter>
    </ClInclude>
    <ClInclude Include="core\PingPongBuffer.h">
      <Filter>core</Filter>
    </ClInclude>
  </ItemGroup>
  <ItemGroup>
    <None Include="shaders\basicFrag.fs">
      <Filter>shaders</Filter>
    </None>
    <None Include="shaders\basicVertex.vs">
      <Filter>shaders</Filter>
    </None>
    <None Include="shaders\loopbackTexture.fs">
      <Filter>shaders</Filter>
    </None>
    <None Include="shaders\loopbackTexture.vs">
      <Filter>shaders</Filter>
    </None>
    <None Include="shaders\shaderTest.fs">
      <Filter>shaders</Filter>
    </None>
    <None Include="shaders\shaderTest.vs">
      <Filter>shaders</Filter>
    </None>
    <None Include="shaders\textureQuad.fs">
      <Filter>shaders</Filter>
    </None>
    <None Include="shaders\textureQuad.vs">
      <Filter>shaders</Filter>
    </None>
    <None Include="shaders\transforms.fs">
      <Filter>shaders</Filter>
    </None>
    <None Include="shaders\transforms.vs">
      <Filter>shaders</Filter>
    </None>
    <None Include="shaders\fluid\screenQuad.fs">
      <Filter>shaders\fluid</Filter>
    </None>
    <None Include="shaders\fluid\screenQuad.vs">
      <Filter>shaders\fluid</Filter>
    </None>
    <None Include="shaders\fluid\advectVelocity.fs">
      <Filter>shaders\fluid</Filter>
    </None>
    <None Include="shaders\fluid\simpleSplat.fs">
      <Filter>shaders\fluid</Filter>
    </None>
    <None Include="shaders\fluid\velocitySplat.fs">
      <Filter>shaders\fluid</Filter>
    </None>
  </ItemGroup>
</Project>